
Microsoft Visual Studio Solution File, Format Version 12.00
# Visual Studio Version 17
VisualStudioVersion = 17.0.31903.59
MinimumVisualStudioVersion = 10.0.40219.1
Project("{FAE04EC0-301F-11D3-BF4B-00C04F79EFBC}") = "webapi", "webapi\webapi.csproj", "{460C2173-8411-4294-9AF0-497F3DBD3BF9}"
EndProject
Global
	GlobalSection(SolutionConfigurationPlatforms) = preSolution
		Debug|Any CPU = Debug|Any CPU
		Release|Any CPU = Release|Any CPU
	EndGlobalSection
	GlobalSection(ProjectConfigurationPlatforms) = postSolution
		{460C2173-8411-4294-9AF0-497F3DBD3BF9}.Debug|Any CPU.ActiveCfg = Debug|Any CPU
		{460C2173-8411-4294-9AF0-497F3DBD3BF9}.Debug|Any CPU.Build.0 = Debug|Any CPU
		{460C2173-8411-4294-9AF0-497F3DBD3BF9}.Release|Any CPU.ActiveCfg = Release|Any CPU
		{460C2173-8411-4294-9AF0-497F3DBD3BF9}.Release|Any CPU.Build.0 = Release|Any CPU
	EndGlobalSection
	GlobalSection(SolutionProperties) = preSolution
		HideSolutionNode = FALSE
	EndGlobalSection
	GlobalSection(ExtensibilityGlobals) = postSolution
		SolutionGuid = {8CF43B97-819F-4C1C-801D-7D6A2E920833}
	EndGlobalSection
EndGlobal
